
Microsoft Visual Studio Solution File, Format Version 12.00
# Visual Studio Version 17
VisualStudioVersion = 17.4.33103.184
MinimumVisualStudioVersion = 10.0.40219.1
Project("{FAE04EC0-301F-11D3-BF4B-00C04F79EFBC}") = "APITestTrello", "APITestTrello.csproj", "{6AA28DD4-B02B-4BFB-BEA4-4395917F059B}"
EndProject
Global
	GlobalSection(SolutionConfigurationPlatforms) = preSolution
		Debug|Any CPU = Debug|Any CPU
		Release|Any CPU = Release|Any CPU
	EndGlobalSection
	GlobalSection(ProjectConfigurationPlatforms) = postSolution
		{6AA28DD4-B02B-4BFB-BEA4-4395917F059B}.Debug|Any CPU.ActiveCfg = Debug|Any CPU
		{6AA28DD4-B02B-4BFB-BEA4-4395917F059B}.Debug|Any CPU.Build.0 = Debug|Any CPU
		{6AA28DD4-B02B-4BFB-BEA4-4395917F059B}.Release|Any CPU.ActiveCfg = Release|Any CPU
		{6AA28DD4-B02B-4BFB-BEA4-4395917F059B}.Release|Any CPU.Build.0 = Release|Any CPU
	EndGlobalSection
	GlobalSection(SolutionProperties) = preSolution
		HideSolutionNode = FALSE
	EndGlobalSection
	GlobalSection(ExtensibilityGlobals) = postSolution
		SolutionGuid = {8FFC7F1D-4095-4583-B151-7B4D16931544}
	EndGlobalSection
EndGlobal
